
Microsoft Visual Studio Solution File, Format Version 12.00
# Visual Studio 14
VisualStudioVersion = 14.0.25420.1
MinimumVisualStudioVersion = 10.0.40219.1
Project("{8BC9CEB8-8B4A-11D0-8D11-00A0C91BC942}") = "_DEFAULT", "_DEFAULT.vcxproj", "{70B14E82-21E2-5842-A4A3-2358F8E7E30B}"
EndProject
Project("{8BC9CEB8-8B4A-11D0-8D11-00A0C91BC942}") = "_GENERATE_VCXPROJ", "_GENERATE_VCXPROJ.vcxproj", "{EBF61EF1-9FDD-536D-A602-53A8E81FC5BE}"
EndProject
Project("{8BC9CEB8-8B4A-11D0-8D11-00A0C91BC942}") = "download-txz", "download-txz.vcxproj", "{EAAE1F23-5C1D-521E-909B-8A0727324D5F}"
EndProject
Project("{8BC9CEB8-8B4A-11D0-8D11-00A0C91BC942}") = "generate-vcxproj", "generate-vcxproj.vcxproj", "{26712049-BB5C-5488-80FC-FBF813906828}"
EndProject
Project("{8BC9CEB8-8B4A-11D0-8D11-00A0C91BC942}") = "bearssl", "bearssl.vcxproj", "{76160DE2-E43F-54FF-8574-4234B74B3E0E}"
EndProject
Project("{8BC9CEB8-8B4A-11D0-8D11-00A0C91BC942}") = "xz", "xz.vcxproj", "{7E2BE08C-E887-5763-BB3D-57C866C6BF63}"
EndProject
Global
	GlobalSection(SolutionConfigurationPlatforms) = preSolution
		Debug|ALL = Debug|ALL
		Release|ALL = Release|ALL
	EndGlobalSection
	GlobalSection(ProjectConfigurationPlatforms) = postSolution
		{EAAE1F23-5C1D-521E-909B-8A0727324D5F}.Debug|ALL.ActiveCfg = Debug|Win32
		{EAAE1F23-5C1D-521E-909B-8A0727324D5F}.Release|ALL.ActiveCfg = Release|Win32
		{26712049-BB5C-5488-80FC-FBF813906828}.Debug|ALL.ActiveCfg = Debug|Win32
		{26712049-BB5C-5488-80FC-FBF813906828}.Release|ALL.ActiveCfg = Release|Win32
		{76160DE2-E43F-54FF-8574-4234B74B3E0E}.Debug|ALL.ActiveCfg = Debug|Win32
		{76160DE2-E43F-54FF-8574-4234B74B3E0E}.Release|ALL.ActiveCfg = Release|Win32
		{7E2BE08C-E887-5763-BB3D-57C866C6BF63}.Debug|ALL.ActiveCfg = Debug|Win32
		{7E2BE08C-E887-5763-BB3D-57C866C6BF63}.Release|ALL.ActiveCfg = Release|Win32
		{EBF61EF1-9FDD-536D-A602-53A8E81FC5BE}.Debug|ALL.ActiveCfg = Debug|Win32
		{EBF61EF1-9FDD-536D-A602-53A8E81FC5BE}.Release|ALL.ActiveCfg = Release|Win32
		{70B14E82-21E2-5842-A4A3-2358F8E7E30B}.Debug|ALL.ActiveCfg = Debug|Win32
		{70B14E82-21E2-5842-A4A3-2358F8E7E30B}.Debug|ALL.Build.0 = Debug|Win32
		{70B14E82-21E2-5842-A4A3-2358F8E7E30B}.Release|ALL.ActiveCfg = Release|Win32
		{70B14E82-21E2-5842-A4A3-2358F8E7E30B}.Release|ALL.Build.0 = Release|Win32
	EndGlobalSection
	GlobalSection(SolutionProperties) = preSolution
		HideSolutionNode = FALSE
	EndGlobalSection
EndGlobal
